
Microsoft Visual Studio Solution File, Format Version 11.00
# Visual Studio 2010
Project("{FAE04EC0-301F-11D3-BF4B-00C04F79EFBC}") = "AudioGraph", "AudioGraph\AudioGraph\AudioGraph.csproj", "{79932010-C503-4CA5-9460-B4EE03A08653}"
EndProject
Project("{96E2B04D-8817-42C6-938A-82C39BA4D311}") = "AudioGraphContent", "AudioGraph\AudioGraphContent\AudioGraphContent.contentproj", "{25E0F573-8EDB-4EA4-B47E-7DC7D2752189}"
EndProject
Global
	GlobalSection(SolutionConfigurationPlatforms) = preSolution
		Debug|x86 = Debug|x86
		Release|x86 = Release|x86
	EndGlobalSection
	GlobalSection(ProjectConfigurationPlatforms) = postSolution
		{79932010-C503-4CA5-9460-B4EE03A08653}.Debug|x86.ActiveCfg = Debug|x86
		{79932010-C503-4CA5-9460-B4EE03A08653}.Debug|x86.Build.0 = Debug|x86
		{79932010-C503-4CA5-9460-B4EE03A08653}.Release|x86.ActiveCfg = Release|x86
		{79932010-C503-4CA5-9460-B4EE03A08653}.Release|x86.Build.0 = Release|x86
		{25E0F573-8EDB-4EA4-B47E-7DC7D2752189}.Debug|x86.ActiveCfg = Debug|x86
		{25E0F573-8EDB-4EA4-B47E-7DC7D2752189}.Release|x86.ActiveCfg = Release|x86
	EndGlobalSection
	GlobalSection(SolutionProperties) = preSolution
		HideSolutionNode = FALSE
	EndGlobalSection
EndGlobal
